<?xml version="1.0" encoding="UTF-8" standalone="yes" ?>
<CodeBlocks_project_file>
	<FileVersion major="1" minor="6" />
	<Project>
		<Option title="Trabalho TP1" />
		<Option pch_mode="2" />
		<Option compiler="gcc" />
		<Build>
			<Target title="Debug">
				<Option output="bin/Debug/Trabalho TP1" prefix_auto="1" extension_auto="1" />
				<Option object_output="obj/Debug/" />
				<Option type="1" />
				<Option compiler="gcc" />
				<Compiler>
					<Add option="-g" />
					<Add directory="include" />
				</Compiler>
			</Target>
			<Target title="Release">
				<Option output="bin/Release/Trabalho TP1" prefix_auto="1" extension_auto="1" />
				<Option object_output="obj/Release/" />
				<Option type="1" />
				<Option compiler="gcc" />
				<Compiler>
					<Add option="-O2" />
				</Compiler>
				<Linker>
					<Add option="-s" />
				</Linker>
			</Target>
		</Build>
		<Compiler>
			<Add option="-Wall" />
			<Add option="-fexceptions" />
		</Compiler>
		<Unit filename=".gitignore" />
		<Unit filename=".vscode/settings.json" />
		<Unit filename="Doxyfile" />
		<Unit filename="README.md" />
		<Unit filename="Trabalho TP1.cbp" />
		<Unit filename="Trabalho TP1.depend" />
		<Unit filename="Trabalho TP1.layout" />
		<Unit filename="bin/Debug/Trabalho TP1.exe" />
		<Unit filename="doc/html/annotated.html" />
		<Unit filename="doc/html/annotated_dup.js" />
		<Unit filename="doc/html/capacidade_8cpp.html" />
		<Unit filename="doc/html/capacidade_8cpp__incl.dot" />
		<Unit filename="doc/html/capacidade_8hpp.html" />
		<Unit filename="doc/html/capacidade_8hpp.js" />
		<Unit filename="doc/html/capacidade_8hpp__dep__incl.dot" />
		<Unit filename="doc/html/capacidade_8hpp__incl.dot" />
		<Unit filename="doc/html/capacidade_8hpp_source.html" />
		<Unit filename="doc/html/cartao_8cpp.html" />
		<Unit filename="doc/html/cartao_8cpp__incl.dot" />
		<Unit filename="doc/html/cartao_8hpp.html" />
		<Unit filename="doc/html/cartao_8hpp.js" />
		<Unit filename="doc/html/cartao_8hpp__dep__incl.dot" />
		<Unit filename="doc/html/cartao_8hpp__incl.dot" />
		<Unit filename="doc/html/cartao_8hpp_source.html" />
		<Unit filename="doc/html/class_capacidade-members.html" />
		<Unit filename="doc/html/class_capacidade.html" />
		<Unit filename="doc/html/class_capacidade.js" />
		<Unit filename="doc/html/class_cartao-members.html" />
		<Unit filename="doc/html/class_cartao.html" />
		<Unit filename="doc/html/class_cartao.js" />
		<Unit filename="doc/html/class_codigo-members.html" />
		<Unit filename="doc/html/class_codigo.html" />
		<Unit filename="doc/html/class_codigo.js" />
		<Unit filename="doc/html/class_data-members.html" />
		<Unit filename="doc/html/class_data.html" />
		<Unit filename="doc/html/class_data.js" />
		<Unit filename="doc/html/class_dinheiro-members.html" />
		<Unit filename="doc/html/class_dinheiro.html" />
		<Unit filename="doc/html/class_dinheiro.js" />
		<Unit filename="doc/html/class_email-members.html" />
		<Unit filename="doc/html/class_email.html" />
		<Unit filename="doc/html/class_email.js" />
		<Unit filename="doc/html/class_endereco-members.html" />
		<Unit filename="doc/html/class_endereco.html" />
		<Unit filename="doc/html/class_endereco.js" />
		<Unit filename="doc/html/class_gerente-members.html" />
		<Unit filename="doc/html/class_gerente.html" />
		<Unit filename="doc/html/class_gerente.js" />
		<Unit filename="doc/html/class_gerente__coll__graph.dot" />
		<Unit filename="doc/html/class_gerente__inherit__graph.dot" />
		<Unit filename="doc/html/class_hospede-members.html" />
		<Unit filename="doc/html/class_hospede.html" />
		<Unit filename="doc/html/class_hospede.js" />
		<Unit filename="doc/html/class_hospede__coll__graph.dot" />
		<Unit filename="doc/html/class_hospede__inherit__graph.dot" />
		<Unit filename="doc/html/class_hotel-members.html" />
		<Unit filename="doc/html/class_hotel.html" />
		<Unit filename="doc/html/class_hotel.js" />
		<Unit filename="doc/html/class_hotel__coll__graph.dot" />
		<Unit filename="doc/html/class_nome-members.html" />
		<Unit filename="doc/html/class_nome.html" />
		<Unit filename="doc/html/class_nome.js" />
		<Unit filename="doc/html/class_numero-members.html" />
		<Unit filename="doc/html/class_numero.html" />
		<Unit filename="doc/html/class_numero.js" />
		<Unit filename="doc/html/class_pessoa-members.html" />
		<Unit filename="doc/html/class_pessoa.html" />
		<Unit filename="doc/html/class_pessoa.js" />
		<Unit filename="doc/html/class_pessoa__coll__graph.dot" />
		<Unit filename="doc/html/class_pessoa__inherit__graph.dot" />
		<Unit filename="doc/html/class_quarto-members.html" />
		<Unit filename="doc/html/class_quarto.html" />
		<Unit filename="doc/html/class_quarto.js" />
		<Unit filename="doc/html/class_quarto__coll__graph.dot" />
		<Unit filename="doc/html/class_ramal-members.html" />
		<Unit filename="doc/html/class_ramal.html" />
		<Unit filename="doc/html/class_ramal.js" />
		<Unit filename="doc/html/class_reserva-members.html" />
		<Unit filename="doc/html/class_reserva.html" />
		<Unit filename="doc/html/class_reserva.js" />
		<Unit filename="doc/html/class_reserva__coll__graph.dot" />
		<Unit filename="doc/html/class_senha-members.html" />
		<Unit filename="doc/html/class_senha.html" />
		<Unit filename="doc/html/class_senha.js" />
		<Unit filename="doc/html/class_t_u_entidade_hospede-members.html" />
		<Unit filename="doc/html/class_t_u_entidade_hospede.html" />
		<Unit filename="doc/html/class_t_u_entidade_hospede.js" />
		<Unit filename="doc/html/class_t_u_entidade_hotel-members.html" />
		<Unit filename="doc/html/class_t_u_entidade_hotel.html" />
		<Unit filename="doc/html/class_t_u_entidade_hotel.js" />
		<Unit filename="doc/html/class_t_u_entidade_hotel__coll__graph.dot" />
		<Unit filename="doc/html/class_t_u_entidade_quarto-members.html" />
		<Unit filename="doc/html/class_t_u_entidade_quarto.html" />
		<Unit filename="doc/html/class_t_u_entidade_quarto.js" />
		<Unit filename="doc/html/class_t_u_entidade_reserva-members.html" />
		<Unit filename="doc/html/class_t_u_entidade_reserva.html" />
		<Unit filename="doc/html/class_t_u_entidade_reserva.js" />
		<Unit filename="doc/html/class_telefone-members.html" />
		<Unit filename="doc/html/class_telefone.html" />
		<Unit filename="doc/html/class_telefone.js" />
		<Unit filename="doc/html/classes.html" />
		<Unit filename="doc/html/clipboard.js" />
		<Unit filename="doc/html/codigo_8cpp.html" />
		<Unit filename="doc/html/codigo_8cpp__incl.dot" />
		<Unit filename="doc/html/codigo_8hpp.html" />
		<Unit filename="doc/html/codigo_8hpp.js" />
		<Unit filename="doc/html/codigo_8hpp__dep__incl.dot" />
		<Unit filename="doc/html/codigo_8hpp__incl.dot" />
		<Unit filename="doc/html/codigo_8hpp_source.html" />
		<Unit filename="doc/html/cookie.js" />
		<Unit filename="doc/html/data_8cpp.html" />
		<Unit filename="doc/html/data_8cpp__incl.dot" />
		<Unit filename="doc/html/data_8hpp.html" />
		<Unit filename="doc/html/data_8hpp.js" />
		<Unit filename="doc/html/data_8hpp__dep__incl.dot" />
		<Unit filename="doc/html/data_8hpp__incl.dot" />
		<Unit filename="doc/html/data_8hpp_source.html" />
		<Unit filename="doc/html/dinheiro_8cpp.html" />
		<Unit filename="doc/html/dinheiro_8cpp.js" />
		<Unit filename="doc/html/dinheiro_8cpp__incl.dot" />
		<Unit filename="doc/html/dinheiro_8hpp.html" />
		<Unit filename="doc/html/dinheiro_8hpp.js" />
		<Unit filename="doc/html/dinheiro_8hpp__dep__incl.dot" />
		<Unit filename="doc/html/dinheiro_8hpp__incl.dot" />
		<Unit filename="doc/html/dinheiro_8hpp_source.html" />
		<Unit filename="doc/html/dir_000001_000004.html" />
		<Unit filename="doc/html/dir_000002_000000.html" />
		<Unit filename="doc/html/dir_000003_000004.html" />
		<Unit filename="doc/html/dir_000005_000004.html" />
		<Unit filename="doc/html/dir_000006_000000.html" />
		<Unit filename="doc/html/dir_000006_000002.html" />
		<Unit filename="doc/html/dir_261a8853df27ecda5da9ea6f737a329b.html" />
		<Unit filename="doc/html/dir_261a8853df27ecda5da9ea6f737a329b.js" />
		<Unit filename="doc/html/dir_261a8853df27ecda5da9ea6f737a329b_dep.dot" />
		<Unit filename="doc/html/dir_68267d1309a1af8e8297ef4c3efbcdba.html" />
		<Unit filename="doc/html/dir_68267d1309a1af8e8297ef4c3efbcdba.js" />
		<Unit filename="doc/html/dir_68267d1309a1af8e8297ef4c3efbcdba_dep.dot" />
		<Unit filename="doc/html/dir_71deac24e70328c7a2e48123f9c9cd23.html" />
		<Unit filename="doc/html/dir_71deac24e70328c7a2e48123f9c9cd23.js" />
		<Unit filename="doc/html/dir_71deac24e70328c7a2e48123f9c9cd23_dep.dot" />
		<Unit filename="doc/html/dir_897771391219ea9f3befb04b28d47a8f.html" />
		<Unit filename="doc/html/dir_897771391219ea9f3befb04b28d47a8f.js" />
		<Unit filename="doc/html/dir_897771391219ea9f3befb04b28d47a8f_dep.dot" />
		<Unit filename="doc/html/dir_8b52dfa8e46990546293b4c713f1593a.html" />
		<Unit filename="doc/html/dir_8b52dfa8e46990546293b4c713f1593a.js" />
		<Unit filename="doc/html/dir_8b52dfa8e46990546293b4c713f1593a_dep.dot" />
		<Unit filename="doc/html/dir_b6fe58feaf6db8197458bb99298aea1c.html" />
		<Unit filename="doc/html/dir_b6fe58feaf6db8197458bb99298aea1c.js" />
		<Unit filename="doc/html/dir_b6fe58feaf6db8197458bb99298aea1c_dep.dot" />
		<Unit filename="doc/html/dir_c0d10a41af149a1d0f636d2d65cacec0.html" />
		<Unit filename="doc/html/dir_c0d10a41af149a1d0f636d2d65cacec0.js" />
		<Unit filename="doc/html/dir_c0d10a41af149a1d0f636d2d65cacec0_dep.dot" />
		<Unit filename="doc/html/dir_d44c64559bbebec7f509842c48db8b23.html" />
		<Unit filename="doc/html/dir_d44c64559bbebec7f509842c48db8b23.js" />
		<Unit filename="doc/html/dir_d44c64559bbebec7f509842c48db8b23_dep.dot" />
		<Unit filename="doc/html/dominios_8hpp.html" />
		<Unit filename="doc/html/dominios_8hpp__dep__incl.dot" />
		<Unit filename="doc/html/dominios_8hpp__incl.dot" />
		<Unit filename="doc/html/dominios_8hpp_source.html" />
		<Unit filename="doc/html/doxygen.css" />
		<Unit filename="doc/html/doxygen.svg" />
		<Unit filename="doc/html/doxygen_crawl.html" />
		<Unit filename="doc/html/dynsections.js" />
		<Unit filename="doc/html/email_8cpp.html" />
		<Unit filename="doc/html/email_8cpp__incl.dot" />
		<Unit filename="doc/html/email_8hpp.html" />
		<Unit filename="doc/html/email_8hpp.js" />
		<Unit filename="doc/html/email_8hpp__dep__incl.dot" />
		<Unit filename="doc/html/email_8hpp__incl.dot" />
		<Unit filename="doc/html/email_8hpp_source.html" />
		<Unit filename="doc/html/endereco_8cpp.html" />
		<Unit filename="doc/html/endereco_8cpp__incl.dot" />
		<Unit filename="doc/html/endereco_8hpp.html" />
		<Unit filename="doc/html/endereco_8hpp.js" />
		<Unit filename="doc/html/endereco_8hpp__dep__incl.dot" />
		<Unit filename="doc/html/endereco_8hpp__incl.dot" />
		<Unit filename="doc/html/endereco_8hpp_source.html" />
		<Unit filename="doc/html/entidades_8hpp.html" />
		<Unit filename="doc/html/entidades_8hpp__dep__incl.dot" />
		<Unit filename="doc/html/entidades_8hpp__incl.dot" />
		<Unit filename="doc/html/entidades_8hpp_source.html" />
		<Unit filename="doc/html/files.html" />
		<Unit filename="doc/html/files_dup.js" />
		<Unit filename="doc/html/functions.html" />
		<Unit filename="doc/html/functions_func.html" />
		<Unit filename="doc/html/functions_vars.html" />
		<Unit filename="doc/html/gerente_8cpp.html" />
		<Unit filename="doc/html/gerente_8cpp__incl.dot" />
		<Unit filename="doc/html/gerente_8hpp.html" />
		<Unit filename="doc/html/gerente_8hpp.js" />
		<Unit filename="doc/html/gerente_8hpp__dep__incl.dot" />
		<Unit filename="doc/html/gerente_8hpp__incl.dot" />
		<Unit filename="doc/html/gerente_8hpp_source.html" />
		<Unit filename="doc/html/globals.html" />
		<Unit filename="doc/html/globals_func.html" />
		<Unit filename="doc/html/globals_vars.html" />
		<Unit filename="doc/html/graph_legend.dot" />
		<Unit filename="doc/html/graph_legend.html" />
		<Unit filename="doc/html/hierarchy.html" />
		<Unit filename="doc/html/hierarchy.js" />
		<Unit filename="doc/html/hospede_8cpp.html" />
		<Unit filename="doc/html/hospede_8cpp__incl.dot" />
		<Unit filename="doc/html/hospede_8hpp.html" />
		<Unit filename="doc/html/hospede_8hpp.js" />
		<Unit filename="doc/html/hospede_8hpp__dep__incl.dot" />
		<Unit filename="doc/html/hospede_8hpp__incl.dot" />
		<Unit filename="doc/html/hospede_8hpp_source.html" />
		<Unit filename="doc/html/hotel_8cpp.html" />
		<Unit filename="doc/html/hotel_8hpp.html" />
		<Unit filename="doc/html/hotel_8hpp.js" />
		<Unit filename="doc/html/hotel_8hpp__dep__incl.dot" />
		<Unit filename="doc/html/hotel_8hpp__incl.dot" />
		<Unit filename="doc/html/hotel_8hpp_source.html" />
		<Unit filename="doc/html/index.html" />
		<Unit filename="doc/html/inherit_graph_0.dot" />
		<Unit filename="doc/html/inherit_graph_1.dot" />
		<Unit filename="doc/html/inherit_graph_10.dot" />
		<Unit filename="doc/html/inherit_graph_11.dot" />
		<Unit filename="doc/html/inherit_graph_12.dot" />
		<Unit filename="doc/html/inherit_graph_13.dot" />
		<Unit filename="doc/html/inherit_graph_14.dot" />
		<Unit filename="doc/html/inherit_graph_15.dot" />
		<Unit filename="doc/html/inherit_graph_16.dot" />
		<Unit filename="doc/html/inherit_graph_17.dot" />
		<Unit filename="doc/html/inherit_graph_18.dot" />
		<Unit filename="doc/html/inherit_graph_19.dot" />
		<Unit filename="doc/html/inherit_graph_2.dot" />
		<Unit filename="doc/html/inherit_graph_3.dot" />
		<Unit filename="doc/html/inherit_graph_4.dot" />
		<Unit filename="doc/html/inherit_graph_5.dot" />
		<Unit filename="doc/html/inherit_graph_6.dot" />
		<Unit filename="doc/html/inherit_graph_7.dot" />
		<Unit filename="doc/html/inherit_graph_8.dot" />
		<Unit filename="doc/html/inherit_graph_9.dot" />
		<Unit filename="doc/html/inherits.html" />
		<Unit filename="doc/html/jquery.js" />
		<Unit filename="doc/html/main_8cpp.html" />
		<Unit filename="doc/html/main_8cpp.js" />
		<Unit filename="doc/html/main_8cpp__incl.dot" />
		<Unit filename="doc/html/menu.js" />
		<Unit filename="doc/html/menudata.js" />
		<Unit filename="doc/html/navtree.css" />
		<Unit filename="doc/html/navtree.js" />
		<Unit filename="doc/html/navtreedata.js" />
		<Unit filename="doc/html/navtreeindex0.js" />
		<Unit filename="doc/html/nome_8cpp.html" />
		<Unit filename="doc/html/nome_8cpp__incl.dot" />
		<Unit filename="doc/html/nome_8hpp.html" />
		<Unit filename="doc/html/nome_8hpp.js" />
		<Unit filename="doc/html/nome_8hpp__dep__incl.dot" />
		<Unit filename="doc/html/nome_8hpp__incl.dot" />
		<Unit filename="doc/html/nome_8hpp_source.html" />
		<Unit filename="doc/html/numero_8cpp.html" />
		<Unit filename="doc/html/numero_8cpp__incl.dot" />
		<Unit filename="doc/html/numero_8hpp.html" />
		<Unit filename="doc/html/numero_8hpp.js" />
		<Unit filename="doc/html/numero_8hpp__dep__incl.dot" />
		<Unit filename="doc/html/numero_8hpp__incl.dot" />
		<Unit filename="doc/html/numero_8hpp_source.html" />
		<Unit filename="doc/html/pessoa_8cpp.html" />
		<Unit filename="doc/html/pessoa_8cpp__incl.dot" />
		<Unit filename="doc/html/pessoa_8hpp.html" />
		<Unit filename="doc/html/pessoa_8hpp.js" />
		<Unit filename="doc/html/pessoa_8hpp__dep__incl.dot" />
		<Unit filename="doc/html/pessoa_8hpp__incl.dot" />
		<Unit filename="doc/html/pessoa_8hpp_source.html" />
		<Unit filename="doc/html/quarto_8cpp.html" />
		<Unit filename="doc/html/quarto_8hpp.html" />
		<Unit filename="doc/html/quarto_8hpp.js" />
		<Unit filename="doc/html/quarto_8hpp__dep__incl.dot" />
		<Unit filename="doc/html/quarto_8hpp_source.html" />
		<Unit filename="doc/html/ramal_8cpp.html" />
		<Unit filename="doc/html/ramal_8cpp__incl.dot" />
		<Unit filename="doc/html/ramal_8hpp.html" />
		<Unit filename="doc/html/ramal_8hpp.js" />
		<Unit filename="doc/html/ramal_8hpp__dep__incl.dot" />
		<Unit filename="doc/html/ramal_8hpp__incl.dot" />
		<Unit filename="doc/html/ramal_8hpp_source.html" />
		<Unit filename="doc/html/reserva_8hpp.html" />
		<Unit filename="doc/html/reserva_8hpp.js" />
		<Unit filename="doc/html/reserva_8hpp__dep__incl.dot" />
		<Unit filename="doc/html/reserva_8hpp_source.html" />
		<Unit filename="doc/html/search/all_0.js" />
		<Unit filename="doc/html/search/all_1.js" />
		<Unit filename="doc/html/search/all_10.js" />
		<Unit filename="doc/html/search/all_2.js" />
		<Unit filename="doc/html/search/all_3.js" />
		<Unit filename="doc/html/search/all_4.js" />
		<Unit filename="doc/html/search/all_5.js" />
		<Unit filename="doc/html/search/all_6.js" />
		<Unit filename="doc/html/search/all_7.js" />
		<Unit filename="doc/html/search/all_8.js" />
		<Unit filename="doc/html/search/all_9.js" />
		<Unit filename="doc/html/search/all_a.js" />
		<Unit filename="doc/html/search/all_b.js" />
		<Unit filename="doc/html/search/all_c.js" />
		<Unit filename="doc/html/search/all_d.js" />
		<Unit filename="doc/html/search/all_e.js" />
		<Unit filename="doc/html/search/all_f.js" />
		<Unit filename="doc/html/search/classes_0.js" />
		<Unit filename="doc/html/search/classes_1.js" />
		<Unit filename="doc/html/search/classes_2.js" />
		<Unit filename="doc/html/search/classes_3.js" />
		<Unit filename="doc/html/search/classes_4.js" />
		<Unit filename="doc/html/search/classes_5.js" />
		<Unit filename="doc/html/search/classes_6.js" />
		<Unit filename="doc/html/search/classes_7.js" />
		<Unit filename="doc/html/search/classes_8.js" />
		<Unit filename="doc/html/search/classes_9.js" />
		<Unit filename="doc/html/search/classes_a.js" />
		<Unit filename="doc/html/search/files_0.js" />
		<Unit filename="doc/html/search/files_1.js" />
		<Unit filename="doc/html/search/files_2.js" />
		<Unit filename="doc/html/search/files_3.js" />
		<Unit filename="doc/html/search/files_4.js" />
		<Unit filename="doc/html/search/files_5.js" />
		<Unit filename="doc/html/search/files_6.js" />
		<Unit filename="doc/html/search/files_7.js" />
		<Unit filename="doc/html/search/files_8.js" />
		<Unit filename="doc/html/search/files_9.js" />
		<Unit filename="doc/html/search/files_a.js" />
		<Unit filename="doc/html/search/files_b.js" />
		<Unit filename="doc/html/search/functions_0.js" />
		<Unit filename="doc/html/search/functions_1.js" />
		<Unit filename="doc/html/search/functions_2.js" />
		<Unit filename="doc/html/search/functions_3.js" />
		<Unit filename="doc/html/search/functions_4.js" />
		<Unit filename="doc/html/search/functions_5.js" />
		<Unit filename="doc/html/search/functions_6.js" />
		<Unit filename="doc/html/search/functions_7.js" />
		<Unit filename="doc/html/search/functions_8.js" />
		<Unit filename="doc/html/search/functions_9.js" />
		<Unit filename="doc/html/search/search.css" />
		<Unit filename="doc/html/search/search.js" />
		<Unit filename="doc/html/search/searchdata.js" />
		<Unit filename="doc/html/search/variables_0.js" />
		<Unit filename="doc/html/search/variables_1.js" />
		<Unit filename="doc/html/search/variables_2.js" />
		<Unit filename="doc/html/search/variables_3.js" />
		<Unit filename="doc/html/search/variables_4.js" />
		<Unit filename="doc/html/search/variables_5.js" />
		<Unit filename="doc/html/search/variables_6.js" />
		<Unit filename="doc/html/search/variables_7.js" />
		<Unit filename="doc/html/search/variables_8.js" />
		<Unit filename="doc/html/search/variables_9.js" />
		<Unit filename="doc/html/search/variables_a.js" />
		<Unit filename="doc/html/search/variables_b.js" />
		<Unit filename="doc/html/search/variables_c.js" />
		<Unit filename="doc/html/search/variables_d.js" />
		<Unit filename="doc/html/senha_8cpp.html" />
		<Unit filename="doc/html/senha_8cpp__incl.dot" />
		<Unit filename="doc/html/senha_8hpp.html" />
		<Unit filename="doc/html/senha_8hpp.js" />
		<Unit filename="doc/html/senha_8hpp__dep__incl.dot" />
		<Unit filename="doc/html/senha_8hpp__incl.dot" />
		<Unit filename="doc/html/senha_8hpp_source.html" />
		<Unit filename="doc/html/tabs.css" />
		<Unit filename="doc/html/telefone_8cpp.html" />
		<Unit filename="doc/html/telefone_8cpp__incl.dot" />
		<Unit filename="doc/html/telefone_8hpp.html" />
		<Unit filename="doc/html/telefone_8hpp.js" />
		<Unit filename="doc/html/telefone_8hpp__dep__incl.dot" />
		<Unit filename="doc/html/telefone_8hpp__incl.dot" />
		<Unit filename="doc/html/telefone_8hpp_source.html" />
		<Unit filename="doc/html/testes_8cpp.html" />
		<Unit filename="doc/html/testes_8hpp.html" />
		<Unit filename="doc/html/testes_8hpp.js" />
		<Unit filename="doc/html/testes_8hpp__incl.dot" />
		<Unit filename="doc/html/testes_8hpp_source.html" />
		<Unit filename="doc/latex/Makefile" />
		<Unit filename="doc/latex/annotated.tex" />
		<Unit filename="doc/latex/capacidade_8cpp.tex" />
		<Unit filename="doc/latex/capacidade_8cpp.tex.tmp" />
		<Unit filename="doc/latex/capacidade_8cpp__incl.dot" />
		<Unit filename="doc/latex/capacidade_8hpp.tex" />
		<Unit filename="doc/latex/capacidade_8hpp__dep__incl.dot" />
		<Unit filename="doc/latex/capacidade_8hpp__incl.dot" />
		<Unit filename="doc/latex/capacidade_8hpp_source.tex" />
		<Unit filename="doc/latex/cartao_8cpp.tex" />
		<Unit filename="doc/latex/cartao_8cpp__incl.dot" />
		<Unit filename="doc/latex/cartao_8hpp.tex" />
		<Unit filename="doc/latex/cartao_8hpp__dep__incl.dot" />
		<Unit filename="doc/latex/cartao_8hpp__incl.dot" />
		<Unit filename="doc/latex/cartao_8hpp_source.tex" />
		<Unit filename="doc/latex/class_capacidade.tex" />
		<Unit filename="doc/latex/class_cartao.tex" />
		<Unit filename="doc/latex/class_codigo.tex" />
		<Unit filename="doc/latex/class_data.tex" />
		<Unit filename="doc/latex/class_dinheiro.tex" />
		<Unit filename="doc/latex/class_email.tex" />
		<Unit filename="doc/latex/class_endereco.tex" />
		<Unit filename="doc/latex/class_gerente.tex" />
		<Unit filename="doc/latex/class_gerente__coll__graph.dot" />
		<Unit filename="doc/latex/class_gerente__inherit__graph.dot" />
		<Unit filename="doc/latex/class_hospede.tex" />
		<Unit filename="doc/latex/class_hospede__coll__graph.dot" />
		<Unit filename="doc/latex/class_hospede__inherit__graph.dot" />
		<Unit filename="doc/latex/class_hotel.tex" />
		<Unit filename="doc/latex/class_hotel__coll__graph.dot" />
		<Unit filename="doc/latex/class_nome.tex" />
		<Unit filename="doc/latex/class_numero.tex" />
		<Unit filename="doc/latex/class_pessoa.tex" />
		<Unit filename="doc/latex/class_pessoa__coll__graph.dot" />
		<Unit filename="doc/latex/class_pessoa__inherit__graph.dot" />
		<Unit filename="doc/latex/class_quarto.tex" />
		<Unit filename="doc/latex/class_quarto__coll__graph.dot" />
		<Unit filename="doc/latex/class_ramal.tex" />
		<Unit filename="doc/latex/class_reserva.tex" />
		<Unit filename="doc/latex/class_reserva__coll__graph.dot" />
		<Unit filename="doc/latex/class_senha.tex" />
		<Unit filename="doc/latex/class_t_u_entidade_hospede.tex" />
		<Unit filename="doc/latex/class_t_u_entidade_hotel.tex" />
		<Unit filename="doc/latex/class_t_u_entidade_hotel__coll__graph.dot" />
		<Unit filename="doc/latex/class_t_u_entidade_quarto.tex" />
		<Unit filename="doc/latex/class_t_u_entidade_reserva.tex" />
		<Unit filename="doc/latex/class_telefone.tex" />
		<Unit filename="doc/latex/codigo_8cpp.tex" />
		<Unit filename="doc/latex/codigo_8cpp__incl.dot" />
		<Unit filename="doc/latex/codigo_8hpp.tex" />
		<Unit filename="doc/latex/codigo_8hpp__dep__incl.dot" />
		<Unit filename="doc/latex/codigo_8hpp__incl.dot" />
		<Unit filename="doc/latex/codigo_8hpp_source.tex" />
		<Unit filename="doc/latex/data_8cpp.tex" />
		<Unit filename="doc/latex/data_8cpp__incl.dot" />
		<Unit filename="doc/latex/data_8hpp.tex" />
		<Unit filename="doc/latex/data_8hpp__dep__incl.dot" />
		<Unit filename="doc/latex/data_8hpp__incl.dot" />
		<Unit filename="doc/latex/data_8hpp_source.tex" />
		<Unit filename="doc/latex/dinheiro_8cpp.tex" />
		<Unit filename="doc/latex/dinheiro_8cpp__incl.dot" />
		<Unit filename="doc/latex/dinheiro_8hpp.tex" />
		<Unit filename="doc/latex/dinheiro_8hpp__dep__incl.dot" />
		<Unit filename="doc/latex/dinheiro_8hpp__incl.dot" />
		<Unit filename="doc/latex/dinheiro_8hpp_source.tex" />
		<Unit filename="doc/latex/dir_261a8853df27ecda5da9ea6f737a329b.tex" />
		<Unit filename="doc/latex/dir_261a8853df27ecda5da9ea6f737a329b_dep.dot" />
		<Unit filename="doc/latex/dir_68267d1309a1af8e8297ef4c3efbcdba.tex" />
		<Unit filename="doc/latex/dir_68267d1309a1af8e8297ef4c3efbcdba_dep.dot" />
		<Unit filename="doc/latex/dir_71deac24e70328c7a2e48123f9c9cd23.tex" />
		<Unit filename="doc/latex/dir_71deac24e70328c7a2e48123f9c9cd23_dep.dot" />
		<Unit filename="doc/latex/dir_897771391219ea9f3befb04b28d47a8f.tex" />
		<Unit filename="doc/latex/dir_897771391219ea9f3befb04b28d47a8f_dep.dot" />
		<Unit filename="doc/latex/dir_8b52dfa8e46990546293b4c713f1593a.tex" />
		<Unit filename="doc/latex/dir_8b52dfa8e46990546293b4c713f1593a_dep.dot" />
		<Unit filename="doc/latex/dir_b6fe58feaf6db8197458bb99298aea1c.tex" />
		<Unit filename="doc/latex/dir_b6fe58feaf6db8197458bb99298aea1c_dep.dot" />
		<Unit filename="doc/latex/dir_c0d10a41af149a1d0f636d2d65cacec0.tex" />
		<Unit filename="doc/latex/dir_c0d10a41af149a1d0f636d2d65cacec0_dep.dot" />
		<Unit filename="doc/latex/dir_d44c64559bbebec7f509842c48db8b23.tex" />
		<Unit filename="doc/latex/dir_d44c64559bbebec7f509842c48db8b23_dep.dot" />
		<Unit filename="doc/latex/dirs.tex" />
		<Unit filename="doc/latex/dominios_8hpp.tex" />
		<Unit filename="doc/latex/dominios_8hpp__dep__incl.dot" />
		<Unit filename="doc/latex/dominios_8hpp__incl.dot" />
		<Unit filename="doc/latex/dominios_8hpp_source.tex" />
		<Unit filename="doc/latex/doxygen.sty" />
		<Unit filename="doc/latex/email_8cpp.tex" />
		<Unit filename="doc/latex/email_8cpp__incl.dot" />
		<Unit filename="doc/latex/email_8hpp.tex" />
		<Unit filename="doc/latex/email_8hpp__dep__incl.dot" />
		<Unit filename="doc/latex/email_8hpp__incl.dot" />
		<Unit filename="doc/latex/email_8hpp_source.tex" />
		<Unit filename="doc/latex/endereco_8cpp.tex" />
		<Unit filename="doc/latex/endereco_8cpp__incl.dot" />
		<Unit filename="doc/latex/endereco_8hpp.tex" />
		<Unit filename="doc/latex/endereco_8hpp__dep__incl.dot" />
		<Unit filename="doc/latex/endereco_8hpp__incl.dot" />
		<Unit filename="doc/latex/endereco_8hpp_source.tex" />
		<Unit filename="doc/latex/entidades_8hpp.tex" />
		<Unit filename="doc/latex/entidades_8hpp__dep__incl.dot" />
		<Unit filename="doc/latex/entidades_8hpp__incl.dot" />
		<Unit filename="doc/latex/entidades_8hpp_source.tex" />
		<Unit filename="doc/latex/etoc_doxygen.sty" />
		<Unit filename="doc/latex/files.tex" />
		<Unit filename="doc/latex/gerente_8cpp.tex" />
		<Unit filename="doc/latex/gerente_8cpp__incl.dot" />
		<Unit filename="doc/latex/gerente_8hpp.tex" />
		<Unit filename="doc/latex/gerente_8hpp__dep__incl.dot" />
		<Unit filename="doc/latex/gerente_8hpp__incl.dot" />
		<Unit filename="doc/latex/gerente_8hpp_source.tex" />
		<Unit filename="doc/latex/hierarchy.tex" />
		<Unit filename="doc/latex/hospede_8cpp.tex" />
		<Unit filename="doc/latex/hospede_8cpp__incl.dot" />
		<Unit filename="doc/latex/hospede_8hpp.tex" />
		<Unit filename="doc/latex/hospede_8hpp__dep__incl.dot" />
		<Unit filename="doc/latex/hospede_8hpp__incl.dot" />
		<Unit filename="doc/latex/hospede_8hpp_source.tex" />
		<Unit filename="doc/latex/hotel_8cpp.tex" />
		<Unit filename="doc/latex/hotel_8hpp.tex" />
		<Unit filename="doc/latex/hotel_8hpp__dep__incl.dot" />
		<Unit filename="doc/latex/hotel_8hpp__incl.dot" />
		<Unit filename="doc/latex/hotel_8hpp_source.tex" />
		<Unit filename="doc/latex/main_8cpp.tex" />
		<Unit filename="doc/latex/main_8cpp__incl.dot" />
		<Unit filename="doc/latex/make.bat" />
		<Unit filename="doc/latex/nome_8cpp.tex" />
		<Unit filename="doc/latex/nome_8cpp__incl.dot" />
		<Unit filename="doc/latex/nome_8hpp.tex" />
		<Unit filename="doc/latex/nome_8hpp__dep__incl.dot" />
		<Unit filename="doc/latex/nome_8hpp__incl.dot" />
		<Unit filename="doc/latex/nome_8hpp_source.tex" />
		<Unit filename="doc/latex/numero_8cpp.tex" />
		<Unit filename="doc/latex/numero_8cpp__incl.dot" />
		<Unit filename="doc/latex/numero_8hpp.tex" />
		<Unit filename="doc/latex/numero_8hpp__dep__incl.dot" />
		<Unit filename="doc/latex/numero_8hpp__incl.dot" />
		<Unit filename="doc/latex/numero_8hpp_source.tex" />
		<Unit filename="doc/latex/pessoa_8cpp.tex" />
		<Unit filename="doc/latex/pessoa_8cpp__incl.dot" />
		<Unit filename="doc/latex/pessoa_8hpp.tex" />
		<Unit filename="doc/latex/pessoa_8hpp__dep__incl.dot" />
		<Unit filename="doc/latex/pessoa_8hpp__incl.dot" />
		<Unit filename="doc/latex/pessoa_8hpp_source.tex" />
		<Unit filename="doc/latex/quarto_8cpp.tex" />
		<Unit filename="doc/latex/quarto_8hpp.tex" />
		<Unit filename="doc/latex/quarto_8hpp__dep__incl.dot" />
		<Unit filename="doc/latex/quarto_8hpp_source.tex" />
		<Unit filename="doc/latex/ramal_8cpp.tex" />
		<Unit filename="doc/latex/ramal_8cpp__incl.dot" />
		<Unit filename="doc/latex/ramal_8hpp.tex" />
		<Unit filename="doc/latex/ramal_8hpp__dep__incl.dot" />
		<Unit filename="doc/latex/ramal_8hpp__incl.dot" />
		<Unit filename="doc/latex/ramal_8hpp_source.tex" />
		<Unit filename="doc/latex/refman.tex" />
		<Unit filename="doc/latex/reserva_8hpp.tex" />
		<Unit filename="doc/latex/reserva_8hpp__dep__incl.dot" />
		<Unit filename="doc/latex/reserva_8hpp_source.tex" />
		<Unit filename="doc/latex/senha_8cpp.tex" />
		<Unit filename="doc/latex/senha_8cpp__incl.dot" />
		<Unit filename="doc/latex/senha_8hpp.tex" />
		<Unit filename="doc/latex/senha_8hpp__dep__incl.dot" />
		<Unit filename="doc/latex/senha_8hpp__incl.dot" />
		<Unit filename="doc/latex/senha_8hpp_source.tex" />
		<Unit filename="doc/latex/telefone_8cpp.tex" />
		<Unit filename="doc/latex/telefone_8cpp__incl.dot" />
		<Unit filename="doc/latex/telefone_8hpp.tex" />
		<Unit filename="doc/latex/telefone_8hpp__dep__incl.dot" />
		<Unit filename="doc/latex/telefone_8hpp__incl.dot" />
		<Unit filename="doc/latex/telefone_8hpp_source.tex" />
		<Unit filename="doc/latex/testes_8cpp.tex" />
		<Unit filename="doc/latex/testes_8hpp.tex" />
		<Unit filename="doc/latex/testes_8hpp__incl.dot" />
		<Unit filename="doc/latex/testes_8hpp_source.tex" />
		<Unit filename="html/annotated.html" />
		<Unit filename="html/annotated_dup.js" />
		<Unit filename="html/capacidade_8hpp_source.html" />
		<Unit filename="html/cartao_8hpp.html" />
		<Unit filename="html/cartao_8hpp.js" />
		<Unit filename="html/cartao_8hpp__dep__incl.map" />
		<Unit filename="html/cartao_8hpp__dep__incl.md5" />
		<Unit filename="html/cartao_8hpp__dep__incl.png" />
		<Unit filename="html/cartao_8hpp__incl.map" />
		<Unit filename="html/cartao_8hpp__incl.md5" />
		<Unit filename="html/cartao_8hpp__incl.png" />
		<Unit filename="html/cartao_8hpp_source.html" />
		<Unit filename="html/class_capacidade-members.html" />
		<Unit filename="html/class_capacidade.html" />
		<Unit filename="html/class_cartao-members.html" />
		<Unit filename="html/class_cartao.html" />
		<Unit filename="html/class_cartao.js" />
		<Unit filename="html/class_codigo-members.html" />
		<Unit filename="html/class_codigo.html" />
		<Unit filename="html/class_codigo.js" />
		<Unit filename="html/class_data-members.html" />
		<Unit filename="html/class_data.html" />
		<Unit filename="html/class_dinheiro-members.html" />
		<Unit filename="html/class_dinheiro.html" />
		<Unit filename="html/class_dinheiro.js" />
		<Unit filename="html/class_email-members.html" />
		<Unit filename="html/class_email.html" />
		<Unit filename="html/class_email.js" />
		<Unit filename="html/class_endereco-members.html" />
		<Unit filename="html/class_endereco.html" />
		<Unit filename="html/class_gerente-members.html" />
		<Unit filename="html/class_gerente.html" />
		<Unit filename="html/class_gerente.js" />
		<Unit filename="html/class_gerente__coll__graph.map" />
		<Unit filename="html/class_gerente__coll__graph.md5" />
		<Unit filename="html/class_gerente__coll__graph.png" />
		<Unit filename="html/class_gerente__inherit__graph.map" />
		<Unit filename="html/class_gerente__inherit__graph.md5" />
		<Unit filename="html/class_gerente__inherit__graph.png" />
		<Unit filename="html/class_hospede-members.html" />
		<Unit filename="html/class_hospede.html" />
		<Unit filename="html/class_hospede.js" />
		<Unit filename="html/class_hospede__coll__graph.map" />
		<Unit filename="html/class_hospede__coll__graph.md5" />
		<Unit filename="html/class_hospede__coll__graph.png" />
		<Unit filename="html/class_hospede__inherit__graph.map" />
		<Unit filename="html/class_hospede__inherit__graph.md5" />
		<Unit filename="html/class_hospede__inherit__graph.png" />
		<Unit filename="html/class_nome-members.html" />
		<Unit filename="html/class_nome.html" />
		<Unit filename="html/class_nome.js" />
		<Unit filename="html/class_numero-members.html" />
		<Unit filename="html/class_numero.html" />
		<Unit filename="html/class_numero.js" />
		<Unit filename="html/class_pessoa-members.html" />
		<Unit filename="html/class_pessoa.html" />
		<Unit filename="html/class_pessoa.js" />
		<Unit filename="html/class_pessoa__coll__graph.map" />
		<Unit filename="html/class_pessoa__coll__graph.md5" />
		<Unit filename="html/class_pessoa__coll__graph.png" />
		<Unit filename="html/class_pessoa__inherit__graph.map" />
		<Unit filename="html/class_pessoa__inherit__graph.md5" />
		<Unit filename="html/class_pessoa__inherit__graph.png" />
		<Unit filename="html/class_ramal-members.html" />
		<Unit filename="html/class_ramal.html" />
		<Unit filename="html/class_senha-members.html" />
		<Unit filename="html/class_senha.html" />
		<Unit filename="html/class_t_u_entidade_hospede-members.html" />
		<Unit filename="html/class_t_u_entidade_hospede.html" />
		<Unit filename="html/class_t_u_entidade_hotel-members.html" />
		<Unit filename="html/class_t_u_entidade_hotel.html" />
		<Unit filename="html/class_t_u_entidade_quarto-members.html" />
		<Unit filename="html/class_t_u_entidade_quarto.html" />
		<Unit filename="html/class_t_u_entidade_reserva-members.html" />
		<Unit filename="html/class_t_u_entidade_reserva.html" />
		<Unit filename="html/class_telefone-members.html" />
		<Unit filename="html/class_telefone.html" />
		<Unit filename="html/class_telefone.js" />
		<Unit filename="html/classes.html" />
		<Unit filename="html/clipboard.js" />
		<Unit filename="html/codigo_8hpp.html" />
		<Unit filename="html/codigo_8hpp.js" />
		<Unit filename="html/codigo_8hpp__dep__incl.map" />
		<Unit filename="html/codigo_8hpp__dep__incl.md5" />
		<Unit filename="html/codigo_8hpp__dep__incl.png" />
		<Unit filename="html/codigo_8hpp__incl.map" />
		<Unit filename="html/codigo_8hpp__incl.md5" />
		<Unit filename="html/codigo_8hpp__incl.png" />
		<Unit filename="html/codigo_8hpp_source.html" />
		<Unit filename="html/cookie.js" />
		<Unit filename="html/data_8hpp_source.html" />
		<Unit filename="html/dinheiro_8hpp.html" />
		<Unit filename="html/dinheiro_8hpp.js" />
		<Unit filename="html/dinheiro_8hpp__dep__incl.map" />
		<Unit filename="html/dinheiro_8hpp__dep__incl.md5" />
		<Unit filename="html/dinheiro_8hpp__dep__incl.png" />
		<Unit filename="html/dinheiro_8hpp__incl.map" />
		<Unit filename="html/dinheiro_8hpp__incl.md5" />
		<Unit filename="html/dinheiro_8hpp__incl.png" />
		<Unit filename="html/dinheiro_8hpp_source.html" />
		<Unit filename="html/dominios_8hpp_source.html" />
		<Unit filename="html/doxygen.css" />
		<Unit filename="html/doxygen.svg" />
		<Unit filename="html/doxygen_crawl.html" />
		<Unit filename="html/dynsections.js" />
		<Unit filename="html/email_8hpp.html" />
		<Unit filename="html/email_8hpp.js" />
		<Unit filename="html/email_8hpp__dep__incl.map" />
		<Unit filename="html/email_8hpp__dep__incl.md5" />
		<Unit filename="html/email_8hpp__dep__incl.png" />
		<Unit filename="html/email_8hpp__incl.map" />
		<Unit filename="html/email_8hpp__incl.md5" />
		<Unit filename="html/email_8hpp__incl.png" />
		<Unit filename="html/email_8hpp_source.html" />
		<Unit filename="html/endereco_8hpp_source.html" />
		<Unit filename="html/entidades_8hpp_source.html" />
		<Unit filename="html/files.html" />
		<Unit filename="html/files_dup.js" />
		<Unit filename="html/functions.html" />
		<Unit filename="html/functions_func.html" />
		<Unit filename="html/functions_vars.html" />
		<Unit filename="html/gerente_8hpp.html" />
		<Unit filename="html/gerente_8hpp.js" />
		<Unit filename="html/gerente_8hpp__dep__incl.map" />
		<Unit filename="html/gerente_8hpp__dep__incl.md5" />
		<Unit filename="html/gerente_8hpp__dep__incl.png" />
		<Unit filename="html/gerente_8hpp__incl.map" />
		<Unit filename="html/gerente_8hpp__incl.md5" />
		<Unit filename="html/gerente_8hpp__incl.png" />
		<Unit filename="html/gerente_8hpp_source.html" />
		<Unit filename="html/graph_legend.html" />
		<Unit filename="html/graph_legend.md5" />
		<Unit filename="html/graph_legend.png" />
		<Unit filename="html/hierarchy.html" />
		<Unit filename="html/hierarchy.js" />
		<Unit filename="html/hospede_8hpp.html" />
		<Unit filename="html/hospede_8hpp.js" />
		<Unit filename="html/hospede_8hpp__dep__incl.map" />
		<Unit filename="html/hospede_8hpp__dep__incl.md5" />
		<Unit filename="html/hospede_8hpp__dep__incl.png" />
		<Unit filename="html/hospede_8hpp__incl.map" />
		<Unit filename="html/hospede_8hpp__incl.md5" />
		<Unit filename="html/hospede_8hpp__incl.png" />
		<Unit filename="html/hospede_8hpp_source.html" />
		<Unit filename="html/index.html" />
		<Unit filename="html/inherit_graph_0.map" />
		<Unit filename="html/inherit_graph_0.md5" />
		<Unit filename="html/inherit_graph_0.png" />
		<Unit filename="html/inherit_graph_1.map" />
		<Unit filename="html/inherit_graph_1.md5" />
		<Unit filename="html/inherit_graph_1.png" />
		<Unit filename="html/inherit_graph_10.map" />
		<Unit filename="html/inherit_graph_10.md5" />
		<Unit filename="html/inherit_graph_10.png" />
		<Unit filename="html/inherit_graph_11.map" />
		<Unit filename="html/inherit_graph_11.md5" />
		<Unit filename="html/inherit_graph_11.png" />
		<Unit filename="html/inherit_graph_12.map" />
		<Unit filename="html/inherit_graph_12.md5" />
		<Unit filename="html/inherit_graph_12.png" />
		<Unit filename="html/inherit_graph_13.map" />
		<Unit filename="html/inherit_graph_13.md5" />
		<Unit filename="html/inherit_graph_13.png" />
		<Unit filename="html/inherit_graph_14.map" />
		<Unit filename="html/inherit_graph_14.md5" />
		<Unit filename="html/inherit_graph_14.png" />
		<Unit filename="html/inherit_graph_15.map" />
		<Unit filename="html/inherit_graph_15.md5" />
		<Unit filename="html/inherit_graph_15.png" />
		<Unit filename="html/inherit_graph_16.map" />
		<Unit filename="html/inherit_graph_16.md5" />
		<Unit filename="html/inherit_graph_16.png" />
		<Unit filename="html/inherit_graph_2.map" />
		<Unit filename="html/inherit_graph_2.md5" />
		<Unit filename="html/inherit_graph_2.png" />
		<Unit filename="html/inherit_graph_3.map" />
		<Unit filename="html/inherit_graph_3.md5" />
		<Unit filename="html/inherit_graph_3.png" />
		<Unit filename="html/inherit_graph_4.map" />
		<Unit filename="html/inherit_graph_4.md5" />
		<Unit filename="html/inherit_graph_4.png" />
		<Unit filename="html/inherit_graph_5.map" />
		<Unit filename="html/inherit_graph_5.md5" />
		<Unit filename="html/inherit_graph_5.png" />
		<Unit filename="html/inherit_graph_6.map" />
		<Unit filename="html/inherit_graph_6.md5" />
		<Unit filename="html/inherit_graph_6.png" />
		<Unit filename="html/inherit_graph_7.map" />
		<Unit filename="html/inherit_graph_7.md5" />
		<Unit filename="html/inherit_graph_7.png" />
		<Unit filename="html/inherit_graph_8.map" />
		<Unit filename="html/inherit_graph_8.md5" />
		<Unit filename="html/inherit_graph_8.png" />
		<Unit filename="html/inherit_graph_9.map" />
		<Unit filename="html/inherit_graph_9.md5" />
		<Unit filename="html/inherit_graph_9.png" />
		<Unit filename="html/inherits.html" />
		<Unit filename="html/jquery.js" />
		<Unit filename="html/md__r_e_a_d_m_e.html" />
		<Unit filename="html/menu.js" />
		<Unit filename="html/menudata.js" />
		<Unit filename="html/navtree.css" />
		<Unit filename="html/navtree.js" />
		<Unit filename="html/navtreedata.js" />
		<Unit filename="html/navtreeindex0.js" />
		<Unit filename="html/nome_8hpp.html" />
		<Unit filename="html/nome_8hpp.js" />
		<Unit filename="html/nome_8hpp__dep__incl.map" />
		<Unit filename="html/nome_8hpp__dep__incl.md5" />
		<Unit filename="html/nome_8hpp__dep__incl.png" />
		<Unit filename="html/nome_8hpp__incl.map" />
		<Unit filename="html/nome_8hpp__incl.md5" />
		<Unit filename="html/nome_8hpp__incl.png" />
		<Unit filename="html/nome_8hpp_source.html" />
		<Unit filename="html/numero_8hpp.html" />
		<Unit filename="html/numero_8hpp.js" />
		<Unit filename="html/numero_8hpp__dep__incl.map" />
		<Unit filename="html/numero_8hpp__dep__incl.md5" />
		<Unit filename="html/numero_8hpp__dep__incl.png" />
		<Unit filename="html/numero_8hpp__incl.map" />
		<Unit filename="html/numero_8hpp__incl.md5" />
		<Unit filename="html/numero_8hpp__incl.png" />
		<Unit filename="html/numero_8hpp_source.html" />
		<Unit filename="html/pages.html" />
		<Unit filename="html/pessoa_8hpp.html" />
		<Unit filename="html/pessoa_8hpp.js" />
		<Unit filename="html/pessoa_8hpp__dep__incl.map" />
		<Unit filename="html/pessoa_8hpp__dep__incl.md5" />
		<Unit filename="html/pessoa_8hpp__dep__incl.png" />
		<Unit filename="html/pessoa_8hpp__incl.map" />
		<Unit filename="html/pessoa_8hpp__incl.md5" />
		<Unit filename="html/pessoa_8hpp__incl.png" />
		<Unit filename="html/pessoa_8hpp_source.html" />
		<Unit filename="html/ramal_8hpp_source.html" />
		<Unit filename="html/search/all_0.js" />
		<Unit filename="html/search/all_1.js" />
		<Unit filename="html/search/all_2.js" />
		<Unit filename="html/search/all_3.js" />
		<Unit filename="html/search/all_4.js" />
		<Unit filename="html/search/all_5.js" />
		<Unit filename="html/search/all_6.js" />
		<Unit filename="html/search/all_7.js" />
		<Unit filename="html/search/all_8.js" />
		<Unit filename="html/search/all_9.js" />
		<Unit filename="html/search/all_a.js" />
		<Unit filename="html/search/classes_0.js" />
		<Unit filename="html/search/classes_1.js" />
		<Unit filename="html/search/classes_2.js" />
		<Unit filename="html/search/classes_3.js" />
		<Unit filename="html/search/classes_4.js" />
		<Unit filename="html/search/classes_5.js" />
		<Unit filename="html/search/classes_6.js" />
		<Unit filename="html/search/classes_7.js" />
		<Unit filename="html/search/classes_8.js" />
		<Unit filename="html/search/classes_9.js" />
		<Unit filename="html/search/files_0.js" />
		<Unit filename="html/search/files_1.js" />
		<Unit filename="html/search/files_2.js" />
		<Unit filename="html/search/files_3.js" />
		<Unit filename="html/search/files_4.js" />
		<Unit filename="html/search/files_5.js" />
		<Unit filename="html/search/files_6.js" />
		<Unit filename="html/search/files_7.js" />
		<Unit filename="html/search/functions_0.js" />
		<Unit filename="html/search/functions_1.js" />
		<Unit filename="html/search/functions_2.js" />
		<Unit filename="html/search/functions_3.js" />
		<Unit filename="html/search/functions_4.js" />
		<Unit filename="html/search/functions_5.js" />
		<Unit filename="html/search/pages_0.js" />
		<Unit filename="html/search/pages_1.js" />
		<Unit filename="html/search/pages_2.js" />
		<Unit filename="html/search/search.css" />
		<Unit filename="html/search/search.js" />
		<Unit filename="html/search/searchdata.js" />
		<Unit filename="html/search/variables_0.js" />
		<Unit filename="html/search/variables_1.js" />
		<Unit filename="html/search/variables_2.js" />
		<Unit filename="html/search/variables_3.js" />
		<Unit filename="html/senha_8hpp_source.html" />
		<Unit filename="html/tabs.css" />
		<Unit filename="html/telefone_8hpp.html" />
		<Unit filename="html/telefone_8hpp.js" />
		<Unit filename="html/telefone_8hpp__dep__incl.map" />
		<Unit filename="html/telefone_8hpp__dep__incl.md5" />
		<Unit filename="html/telefone_8hpp__dep__incl.png" />
		<Unit filename="html/telefone_8hpp__incl.map" />
		<Unit filename="html/telefone_8hpp__incl.md5" />
		<Unit filename="html/telefone_8hpp__incl.png" />
		<Unit filename="html/telefone_8hpp_source.html" />
		<Unit filename="html/testes_8hpp_source.html" />
		<Unit filename="include/dominios/capacidade.hpp" />
		<Unit filename="include/dominios/cartao.hpp" />
		<Unit filename="include/dominios/codigo.hpp" />
		<Unit filename="include/dominios/data.hpp" />
		<Unit filename="include/dominios/dinheiro.hpp" />
		<Unit filename="include/dominios/dominios.hpp" />
		<Unit filename="include/dominios/email.hpp" />
		<Unit filename="include/dominios/endereco.hpp" />
		<Unit filename="include/dominios/nome.hpp" />
		<Unit filename="include/dominios/numero.hpp" />
		<Unit filename="include/dominios/ramal.hpp" />
		<Unit filename="include/dominios/senha.hpp" />
		<Unit filename="include/dominios/telefone.hpp" />
		<Unit filename="include/entidades/entidades.hpp" />
		<Unit filename="include/entidades/gerente.hpp" />
		<Unit filename="include/entidades/hospede.hpp" />
		<Unit filename="include/entidades/hotel.hpp" />
		<Unit filename="include/entidades/pessoa.hpp" />
		<Unit filename="include/entidades/quarto.hpp" />
		<Unit filename="include/entidades/reserva.hpp" />
		<Unit filename="include/interfaces/interfaces.hpp" />
		<Unit filename="include/servico/IPersistenciaGerente.hpp" />
		<Unit filename="include/servico/PersistenciaGerente.hpp" />
		<Unit filename="include/testes/testes.hpp" />
		<Unit filename="latex/Makefile" />
		<Unit filename="latex/annotated.tex" />
		<Unit filename="latex/capacidade_8hpp_source.tex" />
		<Unit filename="latex/cartao_8hpp.tex" />
		<Unit filename="latex/cartao_8hpp__dep__incl.md5" />
		<Unit filename="latex/cartao_8hpp__dep__incl.pdf" />
		<Unit filename="latex/cartao_8hpp__incl.md5" />
		<Unit filename="latex/cartao_8hpp__incl.pdf" />
		<Unit filename="latex/cartao_8hpp_source.tex" />
		<Unit filename="latex/class_capacidade.tex" />
		<Unit filename="latex/class_cartao.tex" />
		<Unit filename="latex/class_codigo.tex" />
		<Unit filename="latex/class_data.tex" />
		<Unit filename="latex/class_dinheiro.tex" />
		<Unit filename="latex/class_email.tex" />
		<Unit filename="latex/class_endereco.tex" />
		<Unit filename="latex/class_gerente.tex" />
		<Unit filename="latex/class_gerente__coll__graph.md5" />
		<Unit filename="latex/class_gerente__coll__graph.pdf" />
		<Unit filename="latex/class_gerente__inherit__graph.md5" />
		<Unit filename="latex/class_gerente__inherit__graph.pdf" />
		<Unit filename="latex/class_hospede.tex" />
		<Unit filename="latex/class_hospede__coll__graph.md5" />
		<Unit filename="latex/class_hospede__coll__graph.pdf" />
		<Unit filename="latex/class_hospede__inherit__graph.md5" />
		<Unit filename="latex/class_hospede__inherit__graph.pdf" />
		<Unit filename="latex/class_nome.tex" />
		<Unit filename="latex/class_numero.tex" />
		<Unit filename="latex/class_pessoa.tex" />
		<Unit filename="latex/class_pessoa__coll__graph.md5" />
		<Unit filename="latex/class_pessoa__coll__graph.pdf" />
		<Unit filename="latex/class_pessoa__inherit__graph.md5" />
		<Unit filename="latex/class_pessoa__inherit__graph.pdf" />
		<Unit filename="latex/class_ramal.tex" />
		<Unit filename="latex/class_senha.tex" />
		<Unit filename="latex/class_t_u_entidade_hospede.tex" />
		<Unit filename="latex/class_t_u_entidade_hotel.tex" />
		<Unit filename="latex/class_t_u_entidade_quarto.tex" />
		<Unit filename="latex/class_t_u_entidade_reserva.tex" />
		<Unit filename="latex/class_telefone.tex" />
		<Unit filename="latex/codigo_8hpp.tex" />
		<Unit filename="latex/codigo_8hpp__dep__incl.md5" />
		<Unit filename="latex/codigo_8hpp__dep__incl.pdf" />
		<Unit filename="latex/codigo_8hpp__incl.md5" />
		<Unit filename="latex/codigo_8hpp__incl.pdf" />
		<Unit filename="latex/codigo_8hpp_source.tex" />
		<Unit filename="latex/data_8hpp_source.tex" />
		<Unit filename="latex/dinheiro_8hpp.tex" />
		<Unit filename="latex/dinheiro_8hpp__dep__incl.md5" />
		<Unit filename="latex/dinheiro_8hpp__dep__incl.pdf" />
		<Unit filename="latex/dinheiro_8hpp__incl.md5" />
		<Unit filename="latex/dinheiro_8hpp__incl.pdf" />
		<Unit filename="latex/dinheiro_8hpp_source.tex" />
		<Unit filename="latex/dominios_8hpp_source.tex" />
		<Unit filename="latex/doxygen.sty" />
		<Unit filename="latex/email_8hpp.tex" />
		<Unit filename="latex/email_8hpp__dep__incl.md5" />
		<Unit filename="latex/email_8hpp__dep__incl.pdf" />
		<Unit filename="latex/email_8hpp__incl.md5" />
		<Unit filename="latex/email_8hpp__incl.pdf" />
		<Unit filename="latex/email_8hpp_source.tex" />
		<Unit filename="latex/endereco_8hpp_source.tex" />
		<Unit filename="latex/entidades_8hpp_source.tex" />
		<Unit filename="latex/etoc_doxygen.sty" />
		<Unit filename="latex/files.tex" />
		<Unit filename="latex/gerente_8hpp.tex" />
		<Unit filename="latex/gerente_8hpp__dep__incl.md5" />
		<Unit filename="latex/gerente_8hpp__dep__incl.pdf" />
		<Unit filename="latex/gerente_8hpp__incl.md5" />
		<Unit filename="latex/gerente_8hpp__incl.pdf" />
		<Unit filename="latex/gerente_8hpp_source.tex" />
		<Unit filename="latex/hierarchy.tex" />
		<Unit filename="latex/hospede_8hpp.tex" />
		<Unit filename="latex/hospede_8hpp__dep__incl.md5" />
		<Unit filename="latex/hospede_8hpp__dep__incl.pdf" />
		<Unit filename="latex/hospede_8hpp__incl.md5" />
		<Unit filename="latex/hospede_8hpp__incl.pdf" />
		<Unit filename="latex/hospede_8hpp_source.tex" />
		<Unit filename="latex/longtable_doxygen.sty" />
		<Unit filename="latex/make.bat" />
		<Unit filename="latex/md__r_e_a_d_m_e.tex" />
		<Unit filename="latex/nome_8hpp.tex" />
		<Unit filename="latex/nome_8hpp__dep__incl.md5" />
		<Unit filename="latex/nome_8hpp__dep__incl.pdf" />
		<Unit filename="latex/nome_8hpp__incl.md5" />
		<Unit filename="latex/nome_8hpp__incl.pdf" />
		<Unit filename="latex/nome_8hpp_source.tex" />
		<Unit filename="latex/numero_8hpp.tex" />
		<Unit filename="latex/numero_8hpp__dep__incl.md5" />
		<Unit filename="latex/numero_8hpp__dep__incl.pdf" />
		<Unit filename="latex/numero_8hpp__incl.md5" />
		<Unit filename="latex/numero_8hpp__incl.pdf" />
		<Unit filename="latex/numero_8hpp_source.tex" />
		<Unit filename="latex/pessoa_8hpp.tex" />
		<Unit filename="latex/pessoa_8hpp__dep__incl.md5" />
		<Unit filename="latex/pessoa_8hpp__dep__incl.pdf" />
		<Unit filename="latex/pessoa_8hpp__incl.md5" />
		<Unit filename="latex/pessoa_8hpp__incl.pdf" />
		<Unit filename="latex/pessoa_8hpp_source.tex" />
		<Unit filename="latex/ramal_8hpp_source.tex" />
		<Unit filename="latex/refman.tex" />
		<Unit filename="latex/senha_8hpp_source.tex" />
		<Unit filename="latex/tabu_doxygen.sty" />
		<Unit filename="latex/telefone_8hpp.tex" />
		<Unit filename="latex/telefone_8hpp__dep__incl.md5" />
		<Unit filename="latex/telefone_8hpp__dep__incl.pdf" />
		<Unit filename="latex/telefone_8hpp__incl.md5" />
		<Unit filename="latex/telefone_8hpp__incl.pdf" />
		<Unit filename="latex/telefone_8hpp_source.tex" />
		<Unit filename="latex/testes_8hpp_source.tex" />
		<Unit filename="obj/Debug/main.o" />
		<Unit filename="obj/Debug/src/dominios/capacidade.o" />
		<Unit filename="obj/Debug/src/dominios/cartao.o" />
		<Unit filename="obj/Debug/src/dominios/codigo.o" />
		<Unit filename="obj/Debug/src/dominios/data.o" />
		<Unit filename="obj/Debug/src/dominios/dinheiro.o" />
		<Unit filename="obj/Debug/src/dominios/email.o" />
		<Unit filename="obj/Debug/src/dominios/endereco.o" />
		<Unit filename="obj/Debug/src/dominios/nome.o" />
		<Unit filename="obj/Debug/src/dominios/numero.o" />
		<Unit filename="obj/Debug/src/dominios/ramal.o" />
		<Unit filename="obj/Debug/src/dominios/senha.o" />
		<Unit filename="obj/Debug/src/dominios/telefone.o" />
		<Unit filename="obj/Debug/src/entidades/gerente.o" />
		<Unit filename="obj/Debug/src/entidades/hospede.o" />
		<Unit filename="obj/Debug/src/entidades/hotel.o" />
		<Unit filename="obj/Debug/src/entidades/pessoa.o" />
		<Unit filename="obj/Debug/src/entidades/quarto.o" />
		<Unit filename="obj/Debug/src/main.o" />
		<Unit filename="obj/Debug/src/testes/testes.o" />
		<Unit filename="obj/Debug/testes.o" />
		<Unit filename="src/dominios/capacidade.cpp" />
		<Unit filename="src/dominios/cartao.cpp" />
		<Unit filename="src/dominios/codigo.cpp" />
		<Unit filename="src/dominios/data.cpp" />
		<Unit filename="src/dominios/dinheiro.cpp" />
		<Unit filename="src/dominios/email.cpp" />
		<Unit filename="src/dominios/endereco.cpp" />
		<Unit filename="src/dominios/nome.cpp" />
		<Unit filename="src/dominios/numero.cpp" />
		<Unit filename="src/dominios/ramal.cpp" />
		<Unit filename="src/dominios/senha.cpp" />
		<Unit filename="src/dominios/telefone.cpp" />
		<Unit filename="src/entidades/gerente.cpp" />
		<Unit filename="src/entidades/hospede.cpp" />
		<Unit filename="src/entidades/hotel.cpp" />
		<Unit filename="src/entidades/pessoa.cpp" />
		<Unit filename="src/entidades/quarto.cpp" />
		<Unit filename="src/main.cpp" />
		<Unit filename="src/servico/PersistenciaGerente.cpp" />
		<Unit filename="src/testes/testes.cpp" />
		<Extensions>
			<lib_finder disable_auto="1" />
		</Extensions>
	</Project>
</CodeBlocks_project_file>
